# Runtime lock: this package has no runtime third-party dependencies.
#
# Regenerated as a comment-only file because requirements/runtime.in lists no packages.
# Confirmed empty by installing the wheel into a clean Python 3.11 venv and inspecting
# `pip freeze` (setuptools/pip/wheel only, from the installer).
#
# If runtime dependencies are added later, compile them with:
#   python3.11 -m pip install 'pip==24.3.1' 'pip-tools==7.4.1'
#   CUSTOM_COMPILE_COMMAND="python3.11 -m piptools compile --generate-hashes -o requirements.lock requirements/runtime.in" \
#     python3.11 -m piptools compile --generate-hashes -o requirements.lock requirements/runtime.in
